
Microsoft Visual Studio Solution File, Format Version 12.00
# Visual Studio Version 17
VisualStudioVersion = 17.5.002.0
MinimumVisualStudioVersion = 10.0.40219.1
Project("{9A19103F-16F7-4668-BE54-9A1E7A4F7556}") = "SchemaLoader", "SchemaLoader.csproj", "{2353C595-12A5-4915-94C7-0EDF99F5C1A3}"
EndProject
Global
	GlobalSection(SolutionConfigurationPlatforms) = preSolution
		Debug|Any CPU = Debug|Any CPU
		Release|Any CPU = Release|Any CPU
	EndGlobalSection
	GlobalSection(ProjectConfigurationPlatforms) = postSolution
		{2353C595-12A5-4915-94C7-0EDF99F5C1A3}.Debug|Any CPU.ActiveCfg = Debug|Any CPU
		{2353C595-12A5-4915-94C7-0EDF99F5C1A3}.Debug|Any CPU.Build.0 = Debug|Any CPU
		{2353C595-12A5-4915-94C7-0EDF99F5C1A3}.Release|Any CPU.ActiveCfg = Release|Any CPU
		{2353C595-12A5-4915-94C7-0EDF99F5C1A3}.Release|Any CPU.Build.0 = Release|Any CPU
	EndGlobalSection
	GlobalSection(SolutionProperties) = preSolution
		HideSolutionNode = FALSE
	EndGlobalSection
	GlobalSection(ExtensibilityGlobals) = postSolution
		SolutionGuid = {C60B60B7-B2C1-404C-9033-54D0F604E496}
	EndGlobalSection
EndGlobal
